// !$*UTF8*$!
{
	archiveVersion = 1;
	classes = {
	};
	objectVersion = 51;
	objects = {

/* Begin PBXBuildFile section */
		AA2B3C0A23B51F8B0084CD7C /* PopularPeopleDataProvider.swift in Sources */ = {isa = PBXBuildFile; fileRef = AA2B3C0923B51F8B0084CD7C /* PopularPeopleDataProvider.swift */; };
		AA58872C23B58B0A006504B4 /* SuperStarsCell.swift in Sources */ = {isa = PBXBuildFile; fileRef = AA58872B23B58B0A006504B4 /* SuperStarsCell.swift */; };
		AAA90C3C23B203B700F4E75D /* Images.xcassets in Resources */ = {isa = PBXBuildFile; fileRef = AAA90C3B23B203B600F4E75D /* Images.xcassets */; };
		AAA90C4323B2165100F4E75D /* SuperStarsCell.xib in Resources */ = {isa = PBXBuildFile; fileRef = AAA90C4123B2165100F4E75D /* SuperStarsCell.xib */; };
		AAAB58EE23BE68E300B058C5 /* CastVC.swift in Sources */ = {isa = PBXBuildFile; fileRef = AAAB58ED23BE68E300B058C5 /* CastVC.swift */; };
		AAAB58F023BE9C4700B058C5 /* Movies.swift in Sources */ = {isa = PBXBuildFile; fileRef = AAAB58EF23BE9C4700B058C5 /* Movies.swift */; };
		AAABAC9223B1FB1400C7BAA6 /* AppDelegate.swift in Sources */ = {isa = PBXBuildFile; fileRef = AAABAC9123B1FB1400C7BAA6 /* AppDelegate.swift */; };
		AAABAC9423B1FB1400C7BAA6 /* SceneDelegate.swift in Sources */ = {isa = PBXBuildFile; fileRef = AAABAC9323B1FB1400C7BAA6 /* SceneDelegate.swift */; };
		AAABAC9623B1FB1400C7BAA6 /* BaseVC.swift in Sources */ = {isa = PBXBuildFile; fileRef = AAABAC9523B1FB1400C7BAA6 /* BaseVC.swift */; };
		AAABAC9923B1FB1400C7BAA6 /* Main.storyboard in Resources */ = {isa = PBXBuildFile; fileRef = AAABAC9723B1FB1400C7BAA6 /* Main.storyboard */; };
		AAABAC9B23B1FB1500C7BAA6 /* Assets.xcassets in Resources */ = {isa = PBXBuildFile; fileRef = AAABAC9A23B1FB1500C7BAA6 /* Assets.xcassets */; };
		AAABAC9E23B1FB1500C7BAA6 /* LaunchScreen.storyboard in Resources */ = {isa = PBXBuildFile; fileRef = AAABAC9C23B1FB1500C7BAA6 /* LaunchScreen.storyboard */; };
		AAABACAA23B2003900C7BAA6 /* SuperStarsVC.swift in Sources */ = {isa = PBXBuildFile; fileRef = AAABACA923B2003900C7BAA6 /* SuperStarsVC.swift */; };
		AAAE659C23B2C066004C6DB0 /* Reachability.swift in Sources */ = {isa = PBXBuildFile; fileRef = AAAE659B23B2C066004C6DB0 /* Reachability.swift */; };
		AAAE659F23B2C0DC004C6DB0 /* URLs.swift in Sources */ = {isa = PBXBuildFile; fileRef = AAAE659E23B2C0DC004C6DB0 /* URLs.swift */; };
		AAAE65A223B2E4CF004C6DB0 /* PopularPeople.swift in Sources */ = {isa = PBXBuildFile; fileRef = AAAE65A123B2E4CF004C6DB0 /* PopularPeople.swift */; };
		AAB1407123B7F74200B61B5E /* DetailsCollectionViewCell.swift in Sources */ = {isa = PBXBuildFile; fileRef = AAB1406F23B7F74200B61B5E /* DetailsCollectionViewCell.swift */; };
		AAB1407223B7F74200B61B5E /* DetailsCollectionViewCell.xib in Resources */ = {isa = PBXBuildFile; fileRef = AAB1407023B7F74200B61B5E /* DetailsCollectionViewCell.xib */; };
		AAB1407423B8231900B61B5E /* Details.swift in Sources */ = {isa = PBXBuildFile; fileRef = AAB1407323B8231900B61B5E /* Details.swift */; };
		AAB38EA023B6B05A00B6A57C /* DetailsVC.swift in Sources */ = {isa = PBXBuildFile; fileRef = AAB38E9F23B6B05A00B6A57C /* DetailsVC.swift */; };
		AAB5C80523C210560002D659 /* CastCollectionViewCell.swift in Sources */ = {isa = PBXBuildFile; fileRef = AAB5C80323C210550002D659 /* CastCollectionViewCell.swift */; };
		AAB5C80623C210560002D659 /* CastCollectionViewCell.xib in Resources */ = {isa = PBXBuildFile; fileRef = AAB5C80423C210550002D659 /* CastCollectionViewCell.xib */; };
		AD42587CDB1A04644D42DB48 /* Pods_MySuperStar.framework in Frameworks */ = {isa = PBXBuildFile; fileRef = C0B685C3FA7A3E8537948EF8 /* Pods_MySuperStar.framework */; };
		EF01E96523C38379001A0CAD /* SearchResultCell.swift in Sources */ = {isa = PBXBuildFile; fileRef = EF01E96323C38379001A0CAD /* SearchResultCell.swift */; };
		EF01E96623C38379001A0CAD /* SearchResultCell.xib in Resources */ = {isa = PBXBuildFile; fileRef = EF01E96423C38379001A0CAD /* SearchResultCell.xib */; };
		EF0A07C123C35D65001BD43C /* SearchVC.swift in Sources */ = {isa = PBXBuildFile; fileRef = EF0A07C023C35D65001BD43C /* SearchVC.swift */; };
		EF7BDBE023BAB8D400D0B41C /* MovieCredits.swift in Sources */ = {isa = PBXBuildFile; fileRef = EF7BDBDF23BAB8D400D0B41C /* MovieCredits.swift */; };
/* End PBXBuildFile section */

/* Begin PBXFileReference section */
		AA2B3C0923B51F8B0084CD7C /* PopularPeopleDataProvider.swift */ = {isa = PBXFileReference; lastKnownFileType = sourcecode.swift; path = PopularPeopleDataProvider.swift; sourceTree = "<group>"; };
		AA58872B23B58B0A006504B4 /* SuperStarsCell.swift */ = {isa = PBXFileReference; fileEncoding = 4; lastKnownFileType = sourcecode.swift; path = SuperStarsCell.swift; sourceTree = "<group>"; };
		AAA90C3B23B203B600F4E75D /* Images.xcassets */ = {isa = PBXFileReference; lastKnownFileType = folder.assetcatalog; path = Images.xcassets; sourceTree = "<group>"; };
		AAA90C4123B2165100F4E75D /* SuperStarsCell.xib */ = {isa = PBXFileReference; lastKnownFileType = file.xib; path = SuperStarsCell.xib; sourceTree = "<group>"; };
		AAAB58ED23BE68E300B058C5 /* CastVC.swift */ = {isa = PBXFileReference; lastKnownFileType = sourcecode.swift; path = CastVC.swift; sourceTree = "<group>"; };
		AAAB58EF23BE9C4700B058C5 /* Movies.swift */ = {isa = PBXFileReference; lastKnownFileType = sourcecode.swift; path = Movies.swift; sourceTree = "<group>"; };
		AAABAC8E23B1FB1400C7BAA6 /* MySuperStar.app */ = {isa = PBXFileReference; explicitFileType = wrapper.application; includeInIndex = 0; path = MySuperStar.app; sourceTree = BUILT_PRODUCTS_DIR; };
		AAABAC9123B1FB1400C7BAA6 /* AppDelegate.swift */ = {isa = PBXFileReference; lastKnownFileType = sourcecode.swift; path = AppDelegate.swift; sourceTree = "<group>"; };
		AAABAC9323B1FB1400C7BAA6 /* SceneDelegate.swift */ = {isa = PBXFileReference; lastKnownFileType = sourcecode.swift; path = SceneDelegate.swift; sourceTree = "<group>"; };
		AAABAC9523B1FB1400C7BAA6 /* BaseVC.swift */ = {isa = PBXFileReference; lastKnownFileType = sourcecode.swift; path = BaseVC.swift; sourceTree = "<group>"; };
		AAABAC9823B1FB1400C7BAA6 /* Base */ = {isa = PBXFileReference; lastKnownFileType = file.storyboard; name = Base; path = Base.lproj/Main.storyboard; sourceTree = "<group>"; };
		AAABAC9A23B1FB1500C7BAA6 /* Assets.xcassets */ = {isa = PBXFileReference; lastKnownFileType = folder.assetcatalog; path = Assets.xcassets; sourceTree = "<group>"; };
		AAABAC9D23B1FB1500C7BAA6 /* Base */ = {isa = PBXFileReference; lastKnownFileType = file.storyboard; name = Base; path = Base.lproj/LaunchScreen.storyboard; sourceTree = "<group>"; };
		AAABAC9F23B1FB1500C7BAA6 /* Info.plist */ = {isa = PBXFileReference; lastKnownFileType = text.plist.xml; path = Info.plist; sourceTree = "<group>"; };
		AAABACA923B2003900C7BAA6 /* SuperStarsVC.swift */ = {isa = PBXFileReference; lastKnownFileType = sourcecode.swift; path = SuperStarsVC.swift; sourceTree = "<group>"; };
		AAAE659B23B2C066004C6DB0 /* Reachability.swift */ = {isa = PBXFileReference; lastKnownFileType = sourcecode.swift; path = Reachability.swift; sourceTree = "<group>"; };
		AAAE659E23B2C0DC004C6DB0 /* URLs.swift */ = {isa = PBXFileReference; lastKnownFileType = sourcecode.swift; path = URLs.swift; sourceTree = "<group>"; };
		AAAE65A123B2E4CF004C6DB0 /* PopularPeople.swift */ = {isa = PBXFileReference; lastKnownFileType = sourcecode.swift; path = PopularPeople.swift; sourceTree = "<group>"; };
		AAB1406F23B7F74200B61B5E /* DetailsCollectionViewCell.swift */ = {isa = PBXFileReference; lastKnownFileType = sourcecode.swift; path = DetailsCollectionViewCell.swift; sourceTree = "<group>"; };
		AAB1407023B7F74200B61B5E /* DetailsCollectionViewCell.xib */ = {isa = PBXFileReference; lastKnownFileType = file.xib; path = DetailsCollectionViewCell.xib; sourceTree = "<group>"; };
		AAB1407323B8231900B61B5E /* Details.swift */ = {isa = PBXFileReference; lastKnownFileType = sourcecode.swift; path = Details.swift; sourceTree = "<group>"; };
		AAB38E9F23B6B05A00B6A57C /* DetailsVC.swift */ = {isa = PBXFileReference; lastKnownFileType = sourcecode.swift; path = DetailsVC.swift; sourceTree = "<group>"; };
		AAB5C80323C210550002D659 /* CastCollectionViewCell.swift */ = {isa = PBXFileReference; lastKnownFileType = sourcecode.swift; path = CastCollectionViewCell.swift; sourceTree = "<group>"; };
		AAB5C80423C210550002D659 /* CastCollectionViewCell.xib */ = {isa = PBXFileReference; lastKnownFileType = file.xib; path = CastCollectionViewCell.xib; sourceTree = "<group>"; };
		BE530C4B05CD0C16341A3213 /* Pods-MySuperStar.release.xcconfig */ = {isa = PBXFileReference; includeInIndex = 1; lastKnownFileType = text.xcconfig; name = "Pods-MySuperStar.release.xcconfig"; path = "Target Support Files/Pods-MySuperStar/Pods-MySuperStar.release.xcconfig"; sourceTree = "<group>"; };
		C0B685C3FA7A3E8537948EF8 /* Pods_MySuperStar.framework */ = {isa = PBXFileReference; explicitFileType = wrapper.framework; includeInIndex = 0; path = Pods_MySuperStar.framework; sourceTree = BUILT_PRODUCTS_DIR; };
		EF01E96323C38379001A0CAD /* SearchResultCell.swift */ = {isa = PBXFileReference; lastKnownFileType = sourcecode.swift; path = SearchResultCell.swift; sourceTree = "<group>"; };
		EF01E96423C38379001A0CAD /* SearchResultCell.xib */ = {isa = PBXFileReference; lastKnownFileType = file.xib; path = SearchResultCell.xib; sourceTree = "<group>"; };
		EF0A07C023C35D65001BD43C /* SearchVC.swift */ = {isa = PBXFileReference; lastKnownFileType = sourcecode.swift; path = SearchVC.swift; sourceTree = "<group>"; };
		EF7BDBDF23BAB8D400D0B41C /* MovieCredits.swift */ = {isa = PBXFileReference; lastKnownFileType = sourcecode.swift; path = MovieCredits.swift; sourceTree = "<group>"; };
		F2BFD23EF3349ADE21129738 /* Pods-MySuperStar.debug.xcconfig */ = {isa = PBXFileReference; includeInIndex = 1; lastKnownFileType = text.xcconfig; name = "Pods-MySuperStar.debug.xcconfig"; path = "Target Support Files/Pods-MySuperStar/Pods-MySuperStar.debug.xcconfig"; sourceTree = "<group>"; };
/* End PBXFileReference section */

/* Begin PBXFrameworksBuildPhase section */
		AAABAC8B23B1FB1400C7BAA6 /* Frameworks */ = {
			isa = PBXFrameworksBuildPhase;
			buildActionMask = 2147483647;
			files = (
				AD42587CDB1A04644D42DB48 /* Pods_MySuperStar.framework in Frameworks */,
			);
			runOnlyForDeploymentPostprocessing = 0;
		};
/* End PBXFrameworksBuildPhase section */

/* Begin PBXGroup section */
		4BCED7F5F335038474F00D4F /* Pods */ = {
			isa = PBXGroup;
			children = (
				F2BFD23EF3349ADE21129738 /* Pods-MySuperStar.debug.xcconfig */,
				BE530C4B05CD0C16341A3213 /* Pods-MySuperStar.release.xcconfig */,
			);
			path = Pods;
			sourceTree = "<group>";
		};
		714A2EED706DAD095A16FDED /* Frameworks */ = {
			isa = PBXGroup;
			children = (
				C0B685C3FA7A3E8537948EF8 /* Pods_MySuperStar.framework */,
			);
			name = Frameworks;
			sourceTree = "<group>";
		};
		AA2B3C0823B51F340084CD7C /* PopularPeopleDataServices */ = {
			isa = PBXGroup;
			children = (
				AA2B3C0923B51F8B0084CD7C /* PopularPeopleDataProvider.swift */,
			);
			path = PopularPeopleDataServices;
			sourceTree = "<group>";
		};
		AAA90C4423B2166000F4E75D /* SuperStarsVC */ = {
			isa = PBXGroup;
			children = (
				AAABACA923B2003900C7BAA6 /* SuperStarsVC.swift */,
				AA58872B23B58B0A006504B4 /* SuperStarsCell.swift */,
				AAA90C4123B2165100F4E75D /* SuperStarsCell.xib */,
			);
			path = SuperStarsVC;
			sourceTree = "<group>";
		};
		AAAB58EC23BE68A700B058C5 /* CastVC */ = {
			isa = PBXGroup;
			children = (
				AAAB58ED23BE68E300B058C5 /* CastVC.swift */,
				AAB5C80323C210550002D659 /* CastCollectionViewCell.swift */,
				AAB5C80423C210550002D659 /* CastCollectionViewCell.xib */,
			);
			path = CastVC;
			sourceTree = "<group>";
		};
		AAABAC8523B1FB1400C7BAA6 = {
			isa = PBXGroup;
			children = (
				AAABAC9023B1FB1400C7BAA6 /* MySuperStar */,
				AAABAC8F23B1FB1400C7BAA6 /* Products */,
				4BCED7F5F335038474F00D4F /* Pods */,
				714A2EED706DAD095A16FDED /* Frameworks */,
			);
			sourceTree = "<group>";
		};
		AAABAC8F23B1FB1400C7BAA6 /* Products */ = {
			isa = PBXGroup;
			children = (
				AAABAC8E23B1FB1400C7BAA6 /* MySuperStar.app */,
			);
			name = Products;
			sourceTree = "<group>";
		};
		AAABAC9023B1FB1400C7BAA6 /* MySuperStar */ = {
			isa = PBXGroup;
			children = (
				AAABAC9123B1FB1400C7BAA6 /* AppDelegate.swift */,
				AAABAC9323B1FB1400C7BAA6 /* SceneDelegate.swift */,
				AAABAC9F23B1FB1500C7BAA6 /* Info.plist */,
				AAAE659A23B2C01E004C6DB0 /* Connectivity */,
				AAABACAB23B2011300C7BAA6 /* DataServices */,
				AAABACA523B1FDD000C7BAA6 /* Models */,
				AAABACA623B1FDDD00C7BAA6 /* Controllers */,
				AAABACA723B1FE0600C7BAA6 /* Views */,
				AAABACA823B1FE5200C7BAA6 /* Supporting Files */,
			);
			path = MySuperStar;
			sourceTree = "<group>";
		};
		AAABACA523B1FDD000C7BAA6 /* Models */ = {
			isa = PBXGroup;
			children = (
				AAAE65A023B2C3C4004C6DB0 /* DTO */,
			);
			path = Models;
			sourceTree = "<group>";
		};
		AAABACA623B1FDDD00C7BAA6 /* Controllers */ = {
			isa = PBXGroup;
			children = (
				AAABAC9523B1FB1400C7BAA6 /* BaseVC.swift */,
				AAA90C4423B2166000F4E75D /* SuperStarsVC */,
				EF0A07BF23C35CED001BD43C /* SearchVC */,
				AAB38E9E23B6AED100B6A57C /* DetailsVC */,
				AAAB58EC23BE68A700B058C5 /* CastVC */,
			);
			path = Controllers;
			sourceTree = "<group>";
		};
		AAABACA723B1FE0600C7BAA6 /* Views */ = {
			isa = PBXGroup;
			children = (
				AAABAC9723B1FB1400C7BAA6 /* Main.storyboard */,
				AAABAC9C23B1FB1500C7BAA6 /* LaunchScreen.storyboard */,
			);
			path = Views;
			sourceTree = "<group>";
		};
		AAABACA823B1FE5200C7BAA6 /* Supporting Files */ = {
			isa = PBXGroup;
			children = (
				AAABAC9A23B1FB1500C7BAA6 /* Assets.xcassets */,
				AAA90C3B23B203B600F4E75D /* Images.xcassets */,
			);
			path = "Supporting Files";
			sourceTree = "<group>";
		};
		AAABACAB23B2011300C7BAA6 /* DataServices */ = {
			isa = PBXGroup;
			children = (
				AAAE659D23B2C0B0004C6DB0 /* EndPointConstants */,
				AA2B3C0823B51F340084CD7C /* PopularPeopleDataServices */,
			);
			path = DataServices;
			sourceTree = "<group>";
		};
		AAAE659A23B2C01E004C6DB0 /* Connectivity */ = {
			isa = PBXGroup;
			children = (
				AAAE659B23B2C066004C6DB0 /* Reachability.swift */,
			);
			path = Connectivity;
			sourceTree = "<group>";
		};
		AAAE659D23B2C0B0004C6DB0 /* EndPointConstants */ = {
			isa = PBXGroup;
			children = (
				AAAE659E23B2C0DC004C6DB0 /* URLs.swift */,
			);
			path = EndPointConstants;
			sourceTree = "<group>";
		};
		AAAE65A023B2C3C4004C6DB0 /* DTO */ = {
			isa = PBXGroup;
			children = (
				AAAE65A123B2E4CF004C6DB0 /* PopularPeople.swift */,
				AAB1407323B8231900B61B5E /* Details.swift */,
				AAAB58EF23BE9C4700B058C5 /* Movies.swift */,
				EF7BDBDF23BAB8D400D0B41C /* MovieCredits.swift */,
			);
			path = DTO;
			sourceTree = "<group>";
		};
		AAB38E9E23B6AED100B6A57C /* DetailsVC */ = {
			isa = PBXGroup;
			children = (
				AAB38E9F23B6B05A00B6A57C /* DetailsVC.swift */,
				AAB1406F23B7F74200B61B5E /* DetailsCollectionViewCell.swift */,
				AAB1407023B7F74200B61B5E /* DetailsCollectionViewCell.xib */,
			);
			path = DetailsVC;
			sourceTree = "<group>";
		};
		EF0A07BF23C35CED001BD43C /* SearchVC */ = {
			isa = PBXGroup;
			children = (
				EF0A07C023C35D65001BD43C /* SearchVC.swift */,
				EF01E96323C38379001A0CAD /* SearchResultCell.swift */,
				EF01E96423C38379001A0CAD /* SearchResultCell.xib */,
			);
			path = SearchVC;
			sourceTree = "<group>";
		};
/* End PBXGroup section */

/* Begin PBXNativeTarget section */
		AAABAC8D23B1FB1400C7BAA6 /* MySuperStar */ = {
			isa = PBXNativeTarget;
			buildConfigurationList = AAABACA223B1FB1500C7BAA6 /* Build configuration list for PBXNativeTarget "MySuperStar" */;
			buildPhases = (
				EA06257EF3A16A82E0D35B1A /* [CP] Check Pods Manifest.lock */,
				AAABAC8A23B1FB1400C7BAA6 /* Sources */,
				AAABAC8B23B1FB1400C7BAA6 /* Frameworks */,
				AAABAC8C23B1FB1400C7BAA6 /* Resources */,
				79855671A1B244DAE15E1FE0 /* [CP] Embed Pods Frameworks */,
			);
			buildRules = (
			);
			dependencies = (
			);
			name = MySuperStar;
			productName = MySuperStar;
			productReference = AAABAC8E23B1FB1400C7BAA6 /* MySuperStar.app */;
			productType = "com.apple.product-type.application";
		};
/* End PBXNativeTarget section */

/* Begin PBXProject section */
		AAABAC8623B1FB1400C7BAA6 /* Project object */ = {
			isa = PBXProject;
			attributes = {
				LastSwiftUpdateCheck = 1130;
				LastUpgradeCheck = 1130;
				ORGANIZATIONNAME = Eslam;
				TargetAttributes = {
					AAABAC8D23B1FB1400C7BAA6 = {
						CreatedOnToolsVersion = 11.3;
					};
				};
			};
			buildConfigurationList = AAABAC8923B1FB1400C7BAA6 /* Build configuration list for PBXProject "MySuperStar" */;
			compatibilityVersion = "Xcode 9.3";
			developmentRegion = en;
			hasScannedForEncodings = 0;
			knownRegions = (
				en,
				Base,
			);
			mainGroup = AAABAC8523B1FB1400C7BAA6;
			productRefGroup = AAABAC8F23B1FB1400C7BAA6 /* Products */;
			projectDirPath = "";
			projectRoot = "";
			targets = (
				AAABAC8D23B1FB1400C7BAA6 /* MySuperStar */,
			);
		};
/* End PBXProject section */

/* Begin PBXResourcesBuildPhase section */
		AAABAC8C23B1FB1400C7BAA6 /* Resources */ = {
			isa = PBXResourcesBuildPhase;
			buildActionMask = 2147483647;
			files = (
				AAA90C4323B2165100F4E75D /* SuperStarsCell.xib in Resources */,
				AAABAC9E23B1FB1500C7BAA6 /* LaunchScreen.storyboard in Resources */,
				EF01E96623C38379001A0CAD /* SearchResultCell.xib in Resources */,
				AAA90C3C23B203B700F4E75D /* Images.xcassets in Resources */,
				AAABAC9B23B1FB1500C7BAA6 /* Assets.xcassets in Resources */,
				AAABAC9923B1FB1400C7BAA6 /* Main.storyboard in Resources */,
				AAB5C80623C210560002D659 /* CastCollectionViewCell.xib in Resources */,
				AAB1407223B7F74200B61B5E /* DetailsCollectionViewCell.xib in Resources */,
			);
			runOnlyForDeploymentPostprocessing = 0;
		};
/* End PBXResourcesBuildPhase section */

/* Begin PBXShellScriptBuildPhase section */
		79855671A1B244DAE15E1FE0 /* [CP] Embed Pods Frameworks */ = {
			isa = PBXShellScriptBuildPhase;
			buildActionMask = 2147483647;
			files = (
			);
			inputFileListPaths = (
				"${PODS_ROOT}/Target Support Files/Pods-MySuperStar/Pods-MySuperStar-frameworks-${CONFIGURATION}-input-files.xcfilelist",
			);
			name = "[CP] Embed Pods Frameworks";
			outputFileListPaths = (
				"${PODS_ROOT}/Target Support Files/Pods-MySuperStar/Pods-MySuperStar-frameworks-${CONFIGURATION}-output-files.xcfilelist",
			);
			runOnlyForDeploymentPostprocessing = 0;
			shellPath = /bin/sh;
			shellScript = "\"${PODS_ROOT}/Target Support Files/Pods-MySuperStar/Pods-MySuperStar-frameworks.sh\"\n";
			showEnvVarsInLog = 0;
		};
		EA06257EF3A16A82E0D35B1A /* [CP] Check Pods Manifest.lock */ = {
			isa = PBXShellScriptBuildPhase;
			buildActionMask = 2147483647;
			files = (
			);
			inputFileListPaths = (
			);
			inputPaths = (
				"${PODS_PODFILE_DIR_PATH}/Podfile.lock",
				"${PODS_ROOT}/Manifest.lock",
			);
			name = "[CP] Check Pods Manifest.lock";
			outputFileListPaths = (
			);
			outputPaths = (
				"$(DERIVED_FILE_DIR)/Pods-MySuperStar-checkManifestLockResult.txt",
			);
			runOnlyForDeploymentPostprocessing = 0;
			shellPath = /bin/sh;
			shellScript = "diff \"${PODS_PODFILE_DIR_PATH}/Podfile.lock\" \"${PODS_ROOT}/Manifest.lock\" > /dev/null\nif [ $? != 0 ] ; then\n    # print error to STDERR\n    echo \"error: The sandbox is not in sync with the Podfile.lock. Run 'pod install' or update your CocoaPods installation.\" >&2\n    exit 1\nfi\n# This output is used by Xcode 'outputs' to avoid re-running this script phase.\necho \"SUCCESS\" > \"${SCRIPT_OUTPUT_FILE_0}\"\n";
			showEnvVarsInLog = 0;
		};
/* End PBXShellScriptBuildPhase section */

/* Begin PBXSourcesBuildPhase section */
		AAABAC8A23B1FB1400C7BAA6 /* Sources */ = {
			isa = PBXSourcesBuildPhase;
			buildActionMask = 2147483647;
			files = (
				AAABAC9623B1FB1400C7BAA6 /* BaseVC.swift in Sources */,
				AAB1407123B7F74200B61B5E /* DetailsCollectionViewCell.swift in Sources */,
				AAB1407423B8231900B61B5E /* Details.swift in Sources */,
				AAABAC9223B1FB1400C7BAA6 /* AppDelegate.swift in Sources */,
				EF7BDBE023BAB8D400D0B41C /* MovieCredits.swift in Sources */,
				AAAB58F023BE9C4700B058C5 /* Movies.swift in Sources */,
				AAAB58EE23BE68E300B058C5 /* CastVC.swift in Sources */,
				AAAE659C23B2C066004C6DB0 /* Reachability.swift in Sources */,
				AAAE659F23B2C0DC004C6DB0 /* URLs.swift in Sources */,
				AAB5C80523C210560002D659 /* CastCollectionViewCell.swift in Sources */,
				AA2B3C0A23B51F8B0084CD7C /* PopularPeopleDataProvider.swift in Sources */,
				AAABACAA23B2003900C7BAA6 /* SuperStarsVC.swift in Sources */,
				AAAE65A223B2E4CF004C6DB0 /* PopularPeople.swift in Sources */,
				AAABAC9423B1FB1400C7BAA6 /* SceneDelegate.swift in Sources */,
				AA58872C23B58B0A006504B4 /* SuperStarsCell.swift in Sources */,
				EF0A07C123C35D65001BD43C /* SearchVC.swift in Sources */,
				EF01E96523C38379001A0CAD /* SearchResultCell.swift in Sources */,
				AAB38EA023B6B05A00B6A57C /* DetailsVC.swift in Sources */,
			);
			runOnlyForDeploymentPostprocessing = 0;
		};
/* End PBXSourcesBuildPhase section */

/* Begin PBXVariantGroup section */
		AAABAC9723B1FB1400C7BAA6 /* Main.storyboard */ = {
			isa = PBXVariantGroup;
			children = (
				AAABAC9823B1FB1400C7BAA6 /* Base */,
			);
			name = Main.storyboard;
			sourceTree = "<group>";
		};
		AAABAC9C23B1FB1500C7BAA6 /* LaunchScreen.storyboard */ = {
			isa = PBXVariantGroup;
			children = (
				AAABAC9D23B1FB1500C7BAA6 /* Base */,
			);
			name = LaunchScreen.storyboard;
			sourceTree = "<group>";
		};
/* End PBXVariantGroup section */

/* Begin XCBuildConfiguration section */
		AAABACA023B1FB1500C7BAA6 /* Debug */ = {
			isa = XCBuildConfiguration;
			buildSettings = {
				ALWAYS_SEARCH_USER_PATHS = NO;
				CLANG_ANALYZER_NONNULL = YES;
				CLANG_ANALYZER_NUMBER_OBJECT_CONVERSION = YES_AGGRESSIVE;
				CLANG_CXX_LANGUAGE_STANDARD = "gnu++14";
				CLANG_CXX_LIBRARY = "libc++";
				CLANG_ENABLE_MODULES = YES;
				CLANG_ENABLE_OBJC_ARC = YES;
				CLANG_ENABLE_OBJC_WEAK = YES;
				CLANG_WARN_BLOCK_CAPTURE_AUTORELEASING = YES;
				CLANG_WARN_BOOL_CONVERSION = YES;
				CLANG_WARN_COMMA = YES;
				CLANG_WARN_CONSTANT_CONVERSION = YES;
				CLANG_WARN_DEPRECATED_OBJC_IMPLEMENTATIONS = YES;
				CLANG_WARN_DIRECT_OBJC_ISA_USAGE = YES_ERROR;
				CLANG_WARN_DOCUMENTATION_COMMENTS = YES;
				CLANG_WARN_EMPTY_BODY = YES;
				CLANG_WARN_ENUM_CONVERSION = YES;
				CLANG_WARN_INFINITE_RECURSION = YES;
				CLANG_WARN_INT_CONVERSION = YES;
				CLANG_WARN_NON_LITERAL_NULL_CONVERSION = YES;
				CLANG_WARN_OBJC_IMPLICIT_RETAIN_SELF = YES;
				CLANG_WARN_OBJC_LITERAL_CONVERSION = YES;
				CLANG_WARN_OBJC_ROOT_CLASS = YES_ERROR;
				CLANG_WARN_RANGE_LOOP_ANALYSIS = YES;
				CLANG_WARN_STRICT_PROTOTYPES = YES;
				CLANG_WARN_SUSPICIOUS_MOVE = YES;
				CLANG_WARN_UNGUARDED_AVAILABILITY = YES_AGGRESSIVE;
				CLANG_WARN_UNREACHABLE_CODE = YES;
				CLANG_WARN__DUPLICATE_METHOD_MATCH = YES;
				COPY_PHASE_STRIP = NO;
				DEBUG_INFORMATION_FORMAT = dwarf;
				ENABLE_STRICT_OBJC_MSGSEND = YES;
				ENABLE_TESTABILITY = YES;
				GCC_C_LANGUAGE_STANDARD = gnu11;
				GCC_DYNAMIC_NO_PIC = NO;
				GCC_NO_COMMON_BLOCKS = YES;
				GCC_OPTIMIZATION_LEVEL = 0;
				GCC_PREPROCESSOR_DEFINITIONS = (
					"DEBUG=1",
					"$(inherited)",
				);
				GCC_WARN_64_TO_32_BIT_CONVERSION = YES;
				GCC_WARN_ABOUT_RETURN_TYPE = YES_ERROR;
				GCC_WARN_UNDECLARED_SELECTOR = YES;
				GCC_WARN_UNINITIALIZED_AUTOS = YES_AGGRESSIVE;
				GCC_WARN_UNUSED_FUNCTION = YES;
				GCC_WARN_UNUSED_VARIABLE = YES;
				IPHONEOS_DEPLOYMENT_TARGET = 13.2;
				MTL_ENABLE_DEBUG_INFO = INCLUDE_SOURCE;
				MTL_FAST_MATH = YES;
				ONLY_ACTIVE_ARCH = YES;
				SDKROOT = iphoneos;
				SWIFT_ACTIVE_COMPILATION_CONDITIONS = DEBUG;
				SWIFT_OPTIMIZATION_LEVEL = "-Onone";
			};
			name = Debug;
		};
		AAABACA123B1FB1500C7BAA6 /* Release */ = {
			isa = XCBuildConfiguration;
			buildSettings = {
				ALWAYS_SEARCH_USER_PATHS = NO;
				CLANG_ANALYZER_NONNULL = YES;
				CLANG_ANALYZER_NUMBER_OBJECT_CONVERSION = YES_AGGRESSIVE;
				CLANG_CXX_LANGUAGE_STANDARD = "gnu++14";
				CLANG_CXX_LIBRARY = "libc++";
				CLANG_ENABLE_MODULES = YES;
				CLANG_ENABLE_OBJC_ARC = YES;
				CLANG_ENABLE_OBJC_WEAK = YES;
				CLANG_WARN_BLOCK_CAPTURE_AUTORELEASING = YES;
				CLANG_WARN_BOOL_CONVERSION = YES;
				CLANG_WARN_COMMA = YES;
				CLANG_WARN_CONSTANT_CONVERSION = YES;
				CLANG_WARN_DEPRECATED_OBJC_IMPLEMENTATIONS = YES;
				CLANG_WARN_DIRECT_OBJC_ISA_USAGE = YES_ERROR;
				CLANG_WARN_DOCUMENTATION_COMMENTS = YES;
				CLANG_WARN_EMPTY_BODY = YES;
				CLANG_WARN_ENUM_CONVERSION = YES;
				CLANG_WARN_INFINITE_RECURSION = YES;
				CLANG_WARN_INT_CONVERSION = YES;
				CLANG_WARN_NON_LITERAL_NULL_CONVERSION = YES;
				CLANG_WARN_OBJC_IMPLICIT_RETAIN_SELF = YES;
				CLANG_WARN_OBJC_LITERAL_CONVERSION = YES;
				CLANG_WARN_OBJC_ROOT_CLASS = YES_ERROR;
				CLANG_WARN_RANGE_LOOP_ANALYSIS = YES;
				CLANG_WARN_STRICT_PROTOTYPES = YES;
				CLANG_WARN_SUSPICIOUS_MOVE = YES;
				CLANG_WARN_UNGUARDED_AVAILABILITY = YES_AGGRESSIVE;
				CLANG_WARN_UNREACHABLE_CODE = YES;
				CLANG_WARN__DUPLICATE_METHOD_MATCH = YES;
				COPY_PHASE_STRIP = NO;
				DEBUG_INFORMATION_FORMAT = "dwarf-with-dsym";
				ENABLE_NS_ASSERTIONS = NO;
				ENABLE_STRICT_OBJC_MSGSEND = YES;
				GCC_C_LANGUAGE_STANDARD = gnu11;
				GCC_NO_COMMON_BLOCKS = YES;
				GCC_WARN_64_TO_32_BIT_CONVERSION = YES;
				GCC_WARN_ABOUT_RETURN_TYPE = YES_ERROR;
				GCC_WARN_UNDECLARED_SELECTOR = YES;
				GCC_WARN_UNINITIALIZED_AUTOS = YES_AGGRESSIVE;
				GCC_WARN_UNUSED_FUNCTION = YES;
				GCC_WARN_UNUSED_VARIABLE = YES;
				IPHONEOS_DEPLOYMENT_TARGET = 13.2;
				MTL_ENABLE_DEBUG_INFO = NO;
				MTL_FAST_MATH = YES;
				SDKROOT = iphoneos;
				SWIFT_COMPILATION_MODE = wholemodule;
				SWIFT_OPTIMIZATION_LEVEL = "-O";
				VALIDATE_PRODUCT = YES;
			};
			name = Release;
		};
		AAABACA323B1FB1500C7BAA6 /* Debug */ = {
			isa = XCBuildConfiguration;
			baseConfigurationReference = F2BFD23EF3349ADE21129738 /* Pods-MySuperStar.debug.xcconfig */;
			buildSettings = {
				ASSETCATALOG_COMPILER_APPICON_NAME = AppIcon;
				CODE_SIGN_STYLE = Automatic;
				DEVELOPMENT_TEAM = BDT7VMXUQN;
				INFOPLIST_FILE = MySuperStar/Info.plist;
				IPHONEOS_DEPLOYMENT_TARGET = 13.0;
				LD_RUNPATH_SEARCH_PATHS = (
					"$(inherited)",
					"@executable_path/Frameworks",
				);
				PRODUCT_BUNDLE_IDENTIFIER = lodex0.com.MySuperStar;
				PRODUCT_NAME = "$(TARGET_NAME)";
				SWIFT_VERSION = 5.0;
				TARGETED_DEVICE_FAMILY = 1;
			};
			name = Debug;
		};
		AAABACA423B1FB1500C7BAA6 /* Release */ = {
			isa = XCBuildConfiguration;
			baseConfigurationReference = BE530C4B05CD0C16341A3213 /* Pods-MySuperStar.release.xcconfig */;
			buildSettings = {
				ASSETCATALOG_COMPILER_APPICON_NAME = AppIcon;
				CODE_SIGN_IDENTITY = "Apple Development";
				CODE_SIGN_STYLE = Automatic;
				DEVELOPMENT_TEAM = BDT7VMXUQN;
				INFOPLIST_FILE = MySuperStar/Info.plist;
				IPHONEOS_DEPLOYMENT_TARGET = 13.0;
				LD_RUNPATH_SEARCH_PATHS = (
					"$(inherited)",
					"@executable_path/Frameworks",
				);
				PRODUCT_BUNDLE_IDENTIFIER = lodex0.com.MySuperStar;
				PRODUCT_NAME = "$(TARGET_NAME)";
				PROVISIONING_PROFILE_SPECIFIER = "";
				SWIFT_VERSION = 5.0;
				TARGETED_DEVICE_FAMILY = 1;
			};
			name = Release;
		};
/* End XCBuildConfiguration section */

/* Begin XCConfigurationList section */
		AAABAC8923B1FB1400C7BAA6 /* Build configuration list for PBXProject "MySuperStar" */ = {
			isa = XCConfigurationList;
			buildConfigurations = (
				AAABACA023B1FB1500C7BAA6 /* Debug */,
				AAABACA123B1FB1500C7BAA6 /* Release */,
			);
			defaultConfigurationIsVisible = 0;
			defaultConfigurationName = Release;
		};
		AAABACA223B1FB1500C7BAA6 /* Build configuration list for PBXNativeTarget "MySuperStar" */ = {
			isa = XCConfigurationList;
			buildConfigurations = (
				AAABACA323B1FB1500C7BAA6 /* Debug */,
				AAABACA423B1FB1500C7BAA6 /* Release */,
			);
			defaultConfigurationIsVisible = 0;
			defaultConfigurationName = Release;
		};
/* End XCConfigurationList section */
	};
	rootObject = AAABAC8623B1FB1400C7BAA6 /* Project object */;
}
